// !$*UTF8*$!
{
	archiveVersion = 1;
	classes = {
	};
	objectVersion = 46;
	objects = {

/* Begin PBXBuildFile section */
		A9EBA22D1D9EB36000A5CDA7 /* AppDelegate.swift in Sources */ = {isa = PBXBuildFile; fileRef = A9EBA22C1D9EB36000A5CDA7 /* AppDelegate.swift */; };
		A9EBA22F1D9EB36000A5CDA7 /* ViewController.swift in Sources */ = {isa = PBXBuildFile; fileRef = A9EBA22E1D9EB36000A5CDA7 /* ViewController.swift */; };
		A9EBA2321D9EB36000A5CDA7 /* Main.storyboard in Resources */ = {isa = PBXBuildFile; fileRef = A9EBA2301D9EB36000A5CDA7 /* Main.storyboard */; };
		A9EBA2341D9EB36000A5CDA7 /* Assets.xcassets in Resources */ = {isa = PBXBuildFile; fileRef = A9EBA2331D9EB36000A5CDA7 /* Assets.xcassets */; };
		A9EBA2371D9EB36000A5CDA7 /* LaunchScreen.storyboard in Resources */ = {isa = PBXBuildFile; fileRef = A9EBA2351D9EB36000A5CDA7 /* LaunchScreen.storyboard */; };
/* End PBXBuildFile section */

/* Begin PBXFileReference section */
		A9EBA2291D9EB36000A5CDA7 /* AnimalFriends.app */ = {isa = PBXFileReference; explicitFileType = wrapper.application; includeInIndex = 0; path = AnimalFriends.app; sourceTree = BUILT_PRODUCTS_DIR; };
		A9EBA22C1D9EB36000A5CDA7 /* AppDelegate.swift */ = {isa = PBXFileReference; lastKnownFileType = sourcecode.swift; path = AppDelegate.swift; sourceTree = "<group>"; };
		A9EBA22E1D9EB36000A5CDA7 /* ViewController.swift */ = {isa = PBXFileReference; lastKnownFileType = sourcecode.swift; path = ViewController.swift; sourceTree = "<group>"; };
		A9EBA2311D9EB36000A5CDA7 /* Base */ = {isa = PBXFileReference; lastKnownFileType = file.storyboard; name = Base; path = Base.lproj/Main.storyboard; sourceTree = "<group>"; };
		A9EBA2331D9EB36000A5CDA7 /* Assets.xcassets */ = {isa = PBXFileReference; lastKnownFileType = folder.assetcatalog; path = Assets.xcassets; sourceTree = "<group>"; };
		A9EBA2361D9EB36000A5CDA7 /* Base */ = {isa = PBXFileReference; lastKnownFileType = file.storyboard; name = Base; path = Base.lproj/LaunchScreen.storyboard; sourceTree = "<group>"; };
		A9EBA2381D9EB36000A5CDA7 /* Info.plist */ = {isa = PBXFileReference; lastKnownFileType = text.plist.xml; path = Info.plist; sourceTree = "<group>"; };
/* End PBXFileReference section */

/* Begin PBXFrameworksBuildPhase section */
		A9EBA2261D9EB35F00A5CDA7 /* Frameworks */ = {
			isa = PBXFrameworksBuildPhase;
			buildActionMask = 2147483647;
			files = (
			);
			runOnlyForDeploymentPostprocessing = 0;
		};
/* End PBXFrameworksBuildPhase section */

/* Begin PBXGroup section */
		A9EBA2201D9EB35F00A5CDA7 = {
			isa = PBXGroup;
			children = (
				A9EBA22B1D9EB36000A5CDA7 /* AnimalFriends */,
				A9EBA22A1D9EB36000A5CDA7 /* Products */,
			);
			sourceTree = "<group>";
		};
		A9EBA22A1D9EB36000A5CDA7 /* Products */ = {
			isa = PBXGroup;
			children = (
				A9EBA2291D9EB36000A5CDA7 /* AnimalFriends.app */,
			);
			name = Products;
			sourceTree = "<group>";
		};
		A9EBA22B1D9EB36000A5CDA7 /* AnimalFriends */ = {
			isa = PBXGroup;
			children = (
				A9EBA22C1D9EB36000A5CDA7 /* AppDelegate.swift */,
				A9EBA22E1D9EB36000A5CDA7 /* ViewController.swift */,
				A9EBA2301D9EB36000A5CDA7 /* Main.storyboard */,
				A9EBA2331D9EB36000A5CDA7 /* Assets.xcassets */,
				A9EBA2351D9EB36000A5CDA7 /* LaunchScreen.storyboard */,
				A9EBA2381D9EB36000A5CDA7 /* Info.plist */,
			);
			path = AnimalFriends;
			sourceTree = "<group>";
		};
/* End PBXGroup section */

/* Begin PBXNativeTarget section */
		A9EBA2281D9EB35F00A5CDA7 /* AnimalFriends */ = {
			isa = PBXNativeTarget;
			buildConfigurationList = A9EBA23B1D9EB36000A5CDA7 /* Build configuration list for PBXNativeTarget "AnimalFriends" */;
			buildPhases = (
				A9EBA2251D9EB35F00A5CDA7 /* Sources */,
				A9EBA2261D9EB35F00A5CDA7 /* Frameworks */,
				A9EBA2271D9EB35F00A5CDA7 /* Resources */,
			);
			buildRules = (
			);
			dependencies = (
			);
			name = AnimalFriends;
			productName = AnimalFriends;
			productReference = A9EBA2291D9EB36000A5CDA7 /* AnimalFriends.app */;
			productType = "com.apple.product-type.application";
		};
/* End PBXNativeTarget section */

/* Begin PBXProject section */
		A9EBA2211D9EB35F00A5CDA7 /* Project object */ = {
			isa = PBXProject;
			attributes = {
				LastSwiftUpdateCheck = 0800;
				LastUpgradeCheck = 0800;
				ORGANIZATIONNAME = Udacity;
				TargetAttributes = {
					A9EBA2281D9EB35F00A5CDA7 = {
						CreatedOnToolsVersion = 8.0;
						DevelopmentTeam = 3Y3M3A69VC;
						ProvisioningStyle = Automatic;
					};
				};
			};
			buildConfigurationList = A9EBA2241D9EB35F00A5CDA7 /* Build configuration list for PBXProject "AnimalFriends" */;
			compatibilityVersion = "Xcode 3.2";
			developmentRegion = English;
			hasScannedForEncodings = 0;
			knownRegions = (
				en,
				Base,
			);
			mainGroup = A9EBA2201D9EB35F00A5CDA7;
			productRefGroup = A9EBA22A1D9EB36000A5CDA7 /* Products */;
			projectDirPath = "";
			projectRoot = "";
			targets = (
				A9EBA2281D9EB35F00A5CDA7 /* AnimalFriends */,
			);
		};
/* End PBXProject section */

/* Begin PBXResourcesBuildPhase section */
		A9EBA2271D9EB35F00A5CDA7 /* Resources */ = {
			isa = PBXResourcesBuildPhase;
			buildActionMask = 2147483647;
			files = (
				A9EBA2371D9EB36000A5CDA7 /* LaunchScreen.storyboard in Resources */,
				A9EBA2341D9EB36000A5CDA7 /* Assets.xcassets in Resources */,
				A9EBA2321D9EB36000A5CDA7 /* Main.storyboard in Resources */,
			);
			runOnlyForDeploymentPostprocessing = 0;
		};
/* End PBXResourcesBuildPhase section */

/* Begin PBXSourcesBuildPhase section */
		A9EBA2251D9EB35F00A5CDA7 /* Sources */ = {
			isa = PBXSourcesBuildPhase;
			buildActionMask = 2147483647;
			files = (
				A9EBA22F1D9EB36000A5CDA7 /* ViewController.swift in Sources */,
				A9EBA22D1D9EB36000A5CDA7 /* AppDelegate.swift in Sources */,
			);
			runOnlyForDeploymentPostprocessing = 0;
		};
/* End PBXSourcesBuildPhase section */

/* Begin PBXVariantGroup section */
		A9EBA2301D9EB36000A5CDA7 /* Main.storyboard */ = {
			isa = PBXVariantGroup;
			children = (
				A9EBA2311D9EB36000A5CDA7 /* Base */,
			);
			name = Main.storyboard;
			sourceTree = "<group>";
		};
		A9EBA2351D9EB36000A5CDA7 /* LaunchScreen.storyboard */ = {
			isa = PBXVariantGroup;
			children = (
				A9EBA2361D9EB36000A5CDA7 /* Base */,
			);
			name = LaunchScreen.storyboard;
			sourceTree = "<group>";
		};
/* End PBXVariantGroup section */

/* Begin XCBuildConfiguration section */
		A9EBA2391D9EB36000A5CDA7 /* Debug */ = {
			isa = XCBuildConfiguration;
			buildSettings = {
				ALWAYS_SEARCH_USER_PATHS = NO;
				CLANG_ANALYZER_NONNULL = YES;
				CLANG_CXX_LANGUAGE_STANDARD = "gnu++0x";
				CLANG_CXX_LIBRARY = "libc++";
				CLANG_ENABLE_MODULES = YES;
				CLANG_ENABLE_OBJC_ARC = YES;
				CLANG_WARN_BOOL_CONVERSION = YES;
				CLANG_WARN_CONSTANT_CONVERSION = YES;
				CLANG_WARN_DIRECT_OBJC_ISA_USAGE = YES_ERROR;
				CLANG_WARN_DOCUMENTATION_COMMENTS = YES;
				CLANG_WARN_EMPTY_BODY = YES;
				CLANG_WARN_ENUM_CONVERSION = YES;
				CLANG_WARN_INFINITE_RECURSION = YES;
				CLANG_WARN_INT_CONVERSION = YES;
				CLANG_WARN_OBJC_ROOT_CLASS = YES_ERROR;
				CLANG_WARN_SUSPICIOUS_MOVES = YES;
				CLANG_WARN_UNREACHABLE_CODE = YES;
				CLANG_WARN__DUPLICATE_METHOD_MATCH = YES;
				"CODE_SIGN_IDENTITY[sdk=iphoneos*]" = "iPhone Developer";
				COPY_PHASE_STRIP = NO;
				DEBUG_INFORMATION_FORMAT = dwarf;
				ENABLE_STRICT_OBJC_MSGSEND = YES;
				ENABLE_TESTABILITY = YES;
				GCC_C_LANGUAGE_STANDARD = gnu99;
				GCC_DYNAMIC_NO_PIC = NO;
				GCC_NO_COMMON_BLOCKS = YES;
				GCC_OPTIMIZATION_LEVEL = 0;
				GCC_PREPROCESSOR_DEFINITIONS = (
					"DEBUG=1",
					"$(inherited)",
				);
				GCC_WARN_64_TO_32_BIT_CONVERSION = YES;
				GCC_WARN_ABOUT_RETURN_TYPE = YES_ERROR;
				GCC_WARN_UNDECLARED_SELECTOR = YES;
				GCC_WARN_UNINITIALIZED_AUTOS = YES_AGGRESSIVE;
				GCC_WARN_UNUSED_FUNCTION = YES;
				GCC_WARN_UNUSED_VARIABLE = YES;
				IPHONEOS_DEPLOYMENT_TARGET = 10.0;
				MTL_ENABLE_DEBUG_INFO = YES;
				ONLY_ACTIVE_ARCH = YES;
				SDKROOT = iphoneos;
				SWIFT_ACTIVE_COMPILATION_CONDITIONS = DEBUG;
				SWIFT_OPTIMIZATION_LEVEL = "-Onone";
				TARGETED_DEVICE_FAMILY = "1,2";
			};
			name = Debug;
		};
		A9EBA23A1D9EB36000A5CDA7 /* Release */ = {
			isa = XCBuildConfiguration;
			buildSettings = {
				ALWAYS_SEARCH_USER_PATHS = NO;
				CLANG_ANALYZER_NONNULL = YES;
				CLANG_CXX_LANGUAGE_STANDARD = "gnu++0x";
				CLANG_CXX_LIBRARY = "libc++";
				CLANG_ENABLE_MODULES = YES;
				CLANG_ENABLE_OBJC_ARC = YES;
				CLANG_WARN_BOOL_CONVERSION = YES;
				CLANG_WARN_CONSTANT_CONVERSION = YES;
				CLANG_WARN_DIRECT_OBJC_ISA_USAGE = YES_ERROR;
				CLANG_WARN_DOCUMENTATION_COMMENTS = YES;
				CLANG_WARN_EMPTY_BODY = YES;
				CLANG_WARN_ENUM_CONVERSION = YES;
				CLANG_WARN_INFINITE_RECURSION = YES;
				CLANG_WARN_INT_CONVERSION = YES;
				CLANG_WARN_OBJC_ROOT_CLASS = YES_ERROR;
				CLANG_WARN_SUSPICIOUS_MOVES = YES;
				CLANG_WARN_UNREACHABLE_CODE = YES;
				CLANG_WARN__DUPLICATE_METHOD_MATCH = YES;
				"CODE_SIGN_IDENTITY[sdk=iphoneos*]" = "iPhone Developer";
				COPY_PHASE_STRIP = NO;
				DEBUG_INFORMATION_FORMAT = "dwarf-with-dsym";
				ENABLE_NS_ASSERTIONS = NO;
				ENABLE_STRICT_OBJC_MSGSEND = YES;
				GCC_C_LANGUAGE_STANDARD = gnu99;
				GCC_NO_COMMON_BLOCKS = YES;
				GCC_WARN_64_TO_32_BIT_CONVERSION = YES;
				GCC_WARN_ABOUT_RETURN_TYPE = YES_ERROR;
				GCC_WARN_UNDECLARED_SELECTOR = YES;
				GCC_WARN_UNINITIALIZED_AUTOS = YES_AGGRESSIVE;
				GCC_WARN_UNUSED_FUNCTION = YES;
				GCC_WARN_UNUSED_VARIABLE = YES;
				IPHONEOS_DEPLOYMENT_TARGET = 10.0;
				MTL_ENABLE_DEBUG_INFO = NO;
				SDKROOT = iphoneos;
				SWIFT_OPTIMIZATION_LEVEL = "-Owholemodule";
				TARGETED_DEVICE_FAMILY = "1,2";
				VALIDATE_PRODUCT = YES;
			};
			name = Release;
		};
		A9EBA23C1D9EB36000A5CDA7 /* Debug */ = {
			isa = XCBuildConfiguration;
			buildSettings = {
				ASSETCATALOG_COMPILER_APPICON_NAME = AppIcon;
				DEVELOPMENT_TEAM = 3Y3M3A69VC;
				INFOPLIST_FILE = AnimalFriends/Info.plist;
				LD_RUNPATH_SEARCH_PATHS = "$(inherited) @executable_path/Frameworks";
				PRODUCT_BUNDLE_IDENTIFIER = com.Udacity.AnimalFriends;
				PRODUCT_NAME = "$(TARGET_NAME)";
				SWIFT_VERSION = 3.0;
			};
			name = Debug;
		};
		A9EBA23D1D9EB36000A5CDA7 /* Release */ = {
			isa = XCBuildConfiguration;
			buildSettings = {
				ASSETCATALOG_COMPILER_APPICON_NAME = AppIcon;
				DEVELOPMENT_TEAM = 3Y3M3A69VC;
				INFOPLIST_FILE = AnimalFriends/Info.plist;
				LD_RUNPATH_SEARCH_PATHS = "$(inherited) @executable_path/Frameworks";
				PRODUCT_BUNDLE_IDENTIFIER = com.Udacity.AnimalFriends;
				PRODUCT_NAME = "$(TARGET_NAME)";
				SWIFT_VERSION = 3.0;
			};
			name = Release;
		};
/* End XCBuildConfiguration section */

/* Begin XCConfigurationList section */
		A9EBA2241D9EB35F00A5CDA7 /* Build configuration list for PBXProject "AnimalFriends" */ = {
			isa = XCConfigurationList;
			buildConfigurations = (
				A9EBA2391D9EB36000A5CDA7 /* Debug */,
				A9EBA23A1D9EB36000A5CDA7 /* Release */,
			);
			defaultConfigurationIsVisible = 0;
			defaultConfigurationName = Release;
		};
		A9EBA23B1D9EB36000A5CDA7 /* Build configuration list for PBXNativeTarget "AnimalFriends" */ = {
			isa = XCConfigurationList;
			buildConfigurations = (
				A9EBA23C1D9EB36000A5CDA7 /* Debug */,
				A9EBA23D1D9EB36000A5CDA7 /* Release */,
			);
			defaultConfigurationIsVisible = 0;
		};
/* End XCConfigurationList section */
	};
	rootObject = A9EBA2211D9EB35F00A5CDA7 /* Project object */;
}
